
Microsoft Visual Studio Solution File, Format Version 12.00
# Visual Studio 2012
Project("{FAE04EC0-301F-11D3-BF4B-00C04F79EFBC}") = "MathematicalDemo", "MathematicalDemo\MathematicalDemo.csproj", "{591556DE-EA41-4137-859F-1E8FD4532BE3}"
EndProject
Project("{FAE04EC0-301F-11D3-BF4B-00C04F79EFBC}") = "MathDemoTest", "MathDemoTest\MathDemoTest.csproj", "{00ECBD6E-FDCB-448B-8208-42D706CBF098}"
EndProject
Project("{2150E333-8FDC-42A3-9474-1A3956D46DE8}") = ".nuget", ".nuget", "{94E84FCA-EFA9-4C4D-9B60-61B66E2F3CB3}"
EndProject
Global
	GlobalSection(SolutionConfigurationPlatforms) = preSolution
		Debug|Any CPU = Debug|Any CPU
		Release|Any CPU = Release|Any CPU
	EndGlobalSection
	GlobalSection(ProjectConfigurationPlatforms) = postSolution
		{591556DE-EA41-4137-859F-1E8FD4532BE3}.Debug|Any CPU.ActiveCfg = Debug|Any CPU
		{591556DE-EA41-4137-859F-1E8FD4532BE3}.Debug|Any CPU.Build.0 = Debug|Any CPU
		{591556DE-EA41-4137-859F-1E8FD4532BE3}.Release|Any CPU.ActiveCfg = Release|Any CPU
		{591556DE-EA41-4137-859F-1E8FD4532BE3}.Release|Any CPU.Build.0 = Release|Any CPU
		{00ECBD6E-FDCB-448B-8208-42D706CBF098}.Debug|Any CPU.ActiveCfg = Debug|Any CPU
		{00ECBD6E-FDCB-448B-8208-42D706CBF098}.Debug|Any CPU.Build.0 = Debug|Any CPU
		{00ECBD6E-FDCB-448B-8208-42D706CBF098}.Release|Any CPU.ActiveCfg = Release|Any CPU
		{00ECBD6E-FDCB-448B-8208-42D706CBF098}.Release|Any CPU.Build.0 = Release|Any CPU
	EndGlobalSection
	GlobalSection(SolutionProperties) = preSolution
		HideSolutionNode = FALSE
	EndGlobalSection
EndGlobal
